
Microsoft Visual Studio Solution File, Format Version 12.00
# Visual Studio Version 17
VisualStudioVersion = 17.10.35013.160
MinimumVisualStudioVersion = 10.0.40219.1
Project("{FAE04EC0-301F-11D3-BF4B-00C04F79EFBC}") = "Exo_Carwash", "Exo_Carwash\Exo_Carwash.csproj", "{4DC03A17-EC04-4F0E-955F-A63CBBE3851B}"
EndProject
Global
	GlobalSection(SolutionConfigurationPlatforms) = preSolution
		Debug|Any CPU = Debug|Any CPU
		Release|Any CPU = Release|Any CPU
	EndGlobalSection
	GlobalSection(ProjectConfigurationPlatforms) = postSolution
		{4DC03A17-EC04-4F0E-955F-A63CBBE3851B}.Debug|Any CPU.ActiveCfg = Debug|Any CPU
		{4DC03A17-EC04-4F0E-955F-A63CBBE3851B}.Debug|Any CPU.Build.0 = Debug|Any CPU
		{4DC03A17-EC04-4F0E-955F-A63CBBE3851B}.Release|Any CPU.ActiveCfg = Release|Any CPU
		{4DC03A17-EC04-4F0E-955F-A63CBBE3851B}.Release|Any CPU.Build.0 = Release|Any CPU
	EndGlobalSection
	GlobalSection(SolutionProperties) = preSolution
		HideSolutionNode = FALSE
	EndGlobalSection
	GlobalSection(ExtensibilityGlobals) = postSolution
		SolutionGuid = {D7273833-241D-4992-88AC-57059B2754EE}
	EndGlobalSection
EndGlobal
